// !$*UTF8*$!
{
	archiveVersion = 1;
	classes = {
	};
	objectVersion = 46;
	objects = {

/* Begin PBXBuildFile section */
		C054C4F41CEA83AC00267F49 /* main.swift in Sources */ = {isa = PBXBuildFile; fileRef = C054C4F31CEA83AC00267F49 /* main.swift */; };
		C0F7D65F1D08709D0030FBBA /* Point.swift in Sources */ = {isa = PBXBuildFile; fileRef = C0F7D65E1D08709D0030FBBA /* Point.swift */; };
/* End PBXBuildFile section */

/* Begin PBXCopyFilesBuildPhase section */
		C054C4EE1CEA83AB00267F49 /* CopyFiles */ = {
			isa = PBXCopyFilesBuildPhase;
			buildActionMask = 2147483647;
			dstPath = /usr/share/man/man1/;
			dstSubfolderSpec = 0;
			files = (
			);
			runOnlyForDeploymentPostprocessing = 1;
		};
/* End PBXCopyFilesBuildPhase section */

/* Begin PBXFileReference section */
		C054C4F01CEA83AB00267F49 /* Graham Scan */ = {isa = PBXFileReference; explicitFileType = "compiled.mach-o.executable"; includeInIndex = 0; path = "Graham Scan"; sourceTree = BUILT_PRODUCTS_DIR; };
		C054C4F31CEA83AC00267F49 /* main.swift */ = {isa = PBXFileReference; lastKnownFileType = sourcecode.swift; path = main.swift; sourceTree = "<group>"; };
		C0F7D65E1D08709D0030FBBA /* Point.swift */ = {isa = PBXFileReference; fileEncoding = 4; lastKnownFileType = sourcecode.swift; path = Point.swift; sourceTree = "<group>"; };
/* End PBXFileReference section */

/* Begin PBXFrameworksBuildPhase section */
		C054C4ED1CEA83AB00267F49 /* Frameworks */ = {
			isa = PBXFrameworksBuildPhase;
			buildActionMask = 2147483647;
			files = (
			);
			runOnlyForDeploymentPostprocessing = 0;
		};
/* End PBXFrameworksBuildPhase section */

/* Begin PBXGroup section */
		C054C4E71CEA83AB00267F49 = {
			isa = PBXGroup;
			children = (
				C054C4F21CEA83AB00267F49 /* Graham Scan */,
				C054C4F11CEA83AB00267F49 /* Products */,
			);
			sourceTree = "<group>";
		};
		C054C4F11CEA83AB00267F49 /* Products */ = {
			isa = PBXGroup;
			children = (
				C054C4F01CEA83AB00267F49 /* Graham Scan */,
			);
			name = Products;
			sourceTree = "<group>";
		};
		C054C4F21CEA83AB00267F49 /* Graham Scan */ = {
			isa = PBXGroup;
			children = (
				C054C4F31CEA83AC00267F49 /* main.swift */,
				C0F7D65E1D08709D0030FBBA /* Point.swift */,
			);
			path = "Graham Scan";
			sourceTree = "<group>";
		};
/* End PBXGroup section */

/* Begin PBXNativeTarget section */
		C054C4EF1CEA83AB00267F49 /* Graham Scan */ = {
			isa = PBXNativeTarget;
			buildConfigurationList = C054C4F71CEA83AC00267F49 /* Build configuration list for PBXNativeTarget "Graham Scan" */;
			buildPhases = (
				C054C4EC1CEA83AB00267F49 /* Sources */,
				C054C4ED1CEA83AB00267F49 /* Frameworks */,
				C054C4EE1CEA83AB00267F49 /* CopyFiles */,
			);
			buildRules = (
			);
			dependencies = (
			);
			name = "Graham Scan";
			productName = "Graham Scan";
			productReference = C054C4F01CEA83AB00267F49 /* Graham Scan */;
			productType = "com.apple.product-type.tool";
		};
/* End PBXNativeTarget section */

/* Begin PBXProject section */
		C054C4E81CEA83AB00267F49 /* Project object */ = {
			isa = PBXProject;
			attributes = {
				LastSwiftUpdateCheck = 0730;
				LastUpgradeCheck = 0730;
				ORGANIZATIONNAME = "Youssef Fares";
				TargetAttributes = {
					C054C4EF1CEA83AB00267F49 = {
						CreatedOnToolsVersion = 7.3;
					};
				};
			};
			buildConfigurationList = C054C4EB1CEA83AB00267F49 /* Build configuration list for PBXProject "Graham Scan" */;
			compatibilityVersion = "Xcode 3.2";
			developmentRegion = English;
			hasScannedForEncodings = 0;
			knownRegions = (
				en,
			);
			mainGroup = C054C4E71CEA83AB00267F49;
			productRefGroup = C054C4F11CEA83AB00267F49 /* Products */;
			projectDirPath = "";
			projectRoot = "";
			targets = (
				C054C4EF1CEA83AB00267F49 /* Graham Scan */,
			);
		};
/* End PBXProject section */

/* Begin PBXSourcesBuildPhase section */
		C054C4EC1CEA83AB00267F49 /* Sources */ = {
			isa = PBXSourcesBuildPhase;
			buildActionMask = 2147483647;
			files = (
				C0F7D65F1D08709D0030FBBA /* Point.swift in Sources */,
				C054C4F41CEA83AC00267F49 /* main.swift in Sources */,
			);
			runOnlyForDeploymentPostprocessing = 0;
		};
/* End PBXSourcesBuildPhase section */

/* Begin XCBuildConfiguration section */
		C054C4F51CEA83AC00267F49 /* Debug */ = {
			isa = XCBuildConfiguration;
			buildSettings = {
				ALWAYS_SEARCH_USER_PATHS = NO;
				CLANG_ANALYZER_NONNULL = YES;
				CLANG_CXX_LANGUAGE_STANDARD = "gnu++0x";
				CLANG_CXX_LIBRARY = "libc++";
				CLANG_ENABLE_MODULES = YES;
				CLANG_ENABLE_OBJC_ARC = YES;
				CLANG_WARN_BOOL_CONVERSION = YES;
				CLANG_WARN_CONSTANT_CONVERSION = YES;
				CLANG_WARN_DIRECT_OBJC_ISA_USAGE = YES_ERROR;
				CLANG_WARN_EMPTY_BODY = YES;
				CLANG_WARN_ENUM_CONVERSION = YES;
				CLANG_WARN_INT_CONVERSION = YES;
				CLANG_WARN_OBJC_ROOT_CLASS = YES_ERROR;
				CLANG_WARN_UNREACHABLE_CODE = YES;
				CLANG_WARN__DUPLICATE_METHOD_MATCH = YES;
				CODE_SIGN_IDENTITY = "-";
				COPY_PHASE_STRIP = NO;
				DEBUG_INFORMATION_FORMAT = dwarf;
				ENABLE_STRICT_OBJC_MSGSEND = YES;
				ENABLE_TESTABILITY = YES;
				GCC_C_LANGUAGE_STANDARD = gnu99;
				GCC_DYNAMIC_NO_PIC = NO;
				GCC_NO_COMMON_BLOCKS = YES;
				GCC_OPTIMIZATION_LEVEL = 0;
				GCC_PREPROCESSOR_DEFINITIONS = (
					"DEBUG=1",
					"$(inherited)",
				);
				GCC_WARN_64_TO_32_BIT_CONVERSION = YES;
				GCC_WARN_ABOUT_RETURN_TYPE = YES_ERROR;
				GCC_WARN_UNDECLARED_SELECTOR = YES;
				GCC_WARN_UNINITIALIZED_AUTOS = YES_AGGRESSIVE;
				GCC_WARN_UNUSED_FUNCTION = YES;
				GCC_WARN_UNUSED_VARIABLE = YES;
				MACOSX_DEPLOYMENT_TARGET = 10.11;
				MTL_ENABLE_DEBUG_INFO = YES;
				ONLY_ACTIVE_ARCH = YES;
				SDKROOT = macosx;
				SWIFT_OPTIMIZATION_LEVEL = "-Onone";
			};
			name = Debug;
		};
		C054C4F61CEA83AC00267F49 /* Release */ = {
			isa = XCBuildConfiguration;
			buildSettings = {
				ALWAYS_SEARCH_USER_PATHS = NO;
				CLANG_ANALYZER_NONNULL = YES;
				CLANG_CXX_LANGUAGE_STANDARD = "gnu++0x";
				CLANG_CXX_LIBRARY = "libc++";
				CLANG_ENABLE_MODULES = YES;
				CLANG_ENABLE_OBJC_ARC = YES;
				CLANG_WARN_BOOL_CONVERSION = YES;
				CLANG_WARN_CONSTANT_CONVERSION = YES;
				CLANG_WARN_DIRECT_OBJC_ISA_USAGE = YES_ERROR;
				CLANG_WARN_EMPTY_BODY = YES;
				CLANG_WARN_ENUM_CONVERSION = YES;
				CLANG_WARN_INT_CONVERSION = YES;
				CLANG_WARN_OBJC_ROOT_CLASS = YES_ERROR;
				CLANG_WARN_UNREACHABLE_CODE = YES;
				CLANG_WARN__DUPLICATE_METHOD_MATCH = YES;
				CODE_SIGN_IDENTITY = "-";
				COPY_PHASE_STRIP = NO;
				DEBUG_INFORMATION_FORMAT = "dwarf-with-dsym";
				ENABLE_NS_ASSERTIONS = NO;
				ENABLE_STRICT_OBJC_MSGSEND = YES;
				GCC_C_LANGUAGE_STANDARD = gnu99;
				GCC_NO_COMMON_BLOCKS = YES;
				GCC_WARN_64_TO_32_BIT_CONVERSION = YES;
				GCC_WARN_ABOUT_RETURN_TYPE = YES_ERROR;
				GCC_WARN_UNDECLARED_SELECTOR = YES;
				GCC_WARN_UNINITIALIZED_AUTOS = YES_AGGRESSIVE;
				GCC_WARN_UNUSED_FUNCTION = YES;
				GCC_WARN_UNUSED_VARIABLE = YES;
				MACOSX_DEPLOYMENT_TARGET = 10.11;
				MTL_ENABLE_DEBUG_INFO = NO;
				SDKROOT = macosx;
			};
			name = Release;
		};
		C054C4F81CEA83AC00267F49 /* Debug */ = {
			isa = XCBuildConfiguration;
			buildSettings = {
				PRODUCT_NAME = "$(TARGET_NAME)";
			};
			name = Debug;
		};
		C054C4F91CEA83AC00267F49 /* Release */ = {
			isa = XCBuildConfiguration;
			buildSettings = {
				PRODUCT_NAME = "$(TARGET_NAME)";
			};
			name = Release;
		};
/* End XCBuildConfiguration section */

/* Begin XCConfigurationList section */
		C054C4EB1CEA83AB00267F49 /* Build configuration list for PBXProject "Graham Scan" */ = {
			isa = XCConfigurationList;
			buildConfigurations = (
				C054C4F51CEA83AC00267F49 /* Debug */,
				C054C4F61CEA83AC00267F49 /* Release */,
			);
			defaultConfigurationIsVisible = 0;
			defaultConfigurationName = Release;
		};
		C054C4F71CEA83AC00267F49 /* Build configuration list for PBXNativeTarget "Graham Scan" */ = {
			isa = XCConfigurationList;
			buildConfigurations = (
				C054C4F81CEA83AC00267F49 /* Debug */,
				C054C4F91CEA83AC00267F49 /* Release */,
			);
			defaultConfigurationIsVisible = 0;
			defaultConfigurationName = Release;
		};
/* End XCConfigurationList section */
	};
	rootObject = C054C4E81CEA83AB00267F49 /* Project object */;
}
